// !$*UTF8*$!
{
	archiveVersion = 1;
	classes = {
	};
	objectVersion = 50;
	objects = {

/* Begin PBXBuildFile section */
		A8BCD59222111549007BD9D0 /* AppDelegate.swift in Sources */ = {isa = PBXBuildFile; fileRef = A8BCD59122111549007BD9D0 /* AppDelegate.swift */; };
		A8BCD59422111549007BD9D0 /* RootViewController.swift in Sources */ = {isa = PBXBuildFile; fileRef = A8BCD59322111549007BD9D0 /* RootViewController.swift */; };
		A8BCD59622111549007BD9D0 /* DataViewController.swift in Sources */ = {isa = PBXBuildFile; fileRef = A8BCD59522111549007BD9D0 /* DataViewController.swift */; };
		A8BCD59822111549007BD9D0 /* ModelController.swift in Sources */ = {isa = PBXBuildFile; fileRef = A8BCD59722111549007BD9D0 /* ModelController.swift */; };
		A8BCD59B2211154A007BD9D0 /* Main.storyboard in Resources */ = {isa = PBXBuildFile; fileRef = A8BCD5992211154A007BD9D0 /* Main.storyboard */; };
		A8BCD59D2211154B007BD9D0 /* Assets.xcassets in Resources */ = {isa = PBXBuildFile; fileRef = A8BCD59C2211154B007BD9D0 /* Assets.xcassets */; };
		A8BCD5A02211154B007BD9D0 /* LaunchScreen.storyboard in Resources */ = {isa = PBXBuildFile; fileRef = A8BCD59E2211154B007BD9D0 /* LaunchScreen.storyboard */; };
		A8BCD5AB2211154B007BD9D0 /* My_Lawyer_Now___Ios_AppTests.swift in Sources */ = {isa = PBXBuildFile; fileRef = A8BCD5AA2211154B007BD9D0 /* My_Lawyer_Now___Ios_AppTests.swift */; };
		A8BCD5B62211154B007BD9D0 /* My_Lawyer_Now___Ios_AppUITests.swift in Sources */ = {isa = PBXBuildFile; fileRef = A8BCD5B52211154B007BD9D0 /* My_Lawyer_Now___Ios_AppUITests.swift */; };
/* End PBXBuildFile section */

/* Begin PBXContainerItemProxy section */
		A8BCD5A72211154B007BD9D0 /* PBXContainerItemProxy */ = {
			isa = PBXContainerItemProxy;
			containerPortal = A8BCD58622111549007BD9D0 /* Project object */;
			proxyType = 1;
			remoteGlobalIDString = A8BCD58D22111549007BD9D0;
			remoteInfo = "My Lawyer Now - Ios App";
		};
		A8BCD5B22211154B007BD9D0 /* PBXContainerItemProxy */ = {
			isa = PBXContainerItemProxy;
			containerPortal = A8BCD58622111549007BD9D0 /* Project object */;
			proxyType = 1;
			remoteGlobalIDString = A8BCD58D22111549007BD9D0;
			remoteInfo = "My Lawyer Now - Ios App";
		};
/* End PBXContainerItemProxy section */

/* Begin PBXFileReference section */
		A8BCD58E22111549007BD9D0 /* My Lawyer Now - Ios App.app */ = {isa = PBXFileReference; explicitFileType = wrapper.application; includeInIndex = 0; path = "My Lawyer Now - Ios App.app"; sourceTree = BUILT_PRODUCTS_DIR; };
		A8BCD59122111549007BD9D0 /* AppDelegate.swift */ = {isa = PBXFileReference; lastKnownFileType = sourcecode.swift; path = AppDelegate.swift; sourceTree = "<group>"; };
		A8BCD59322111549007BD9D0 /* RootViewController.swift */ = {isa = PBXFileReference; lastKnownFileType = sourcecode.swift; path = RootViewController.swift; sourceTree = "<group>"; };
		A8BCD59522111549007BD9D0 /* DataViewController.swift */ = {isa = PBXFileReference; lastKnownFileType = sourcecode.swift; path = DataViewController.swift; sourceTree = "<group>"; };
		A8BCD59722111549007BD9D0 /* ModelController.swift */ = {isa = PBXFileReference; lastKnownFileType = sourcecode.swift; path = ModelController.swift; sourceTree = "<group>"; };
		A8BCD59A2211154A007BD9D0 /* Base */ = {isa = PBXFileReference; lastKnownFileType = file.storyboard; name = Base; path = Base.lproj/Main.storyboard; sourceTree = "<group>"; };
		A8BCD59C2211154B007BD9D0 /* Assets.xcassets */ = {isa = PBXFileReference; lastKnownFileType = folder.assetcatalog; path = Assets.xcassets; sourceTree = "<group>"; };
		A8BCD59F2211154B007BD9D0 /* Base */ = {isa = PBXFileReference; lastKnownFileType = file.storyboard; name = Base; path = Base.lproj/LaunchScreen.storyboard; sourceTree = "<group>"; };
		A8BCD5A12211154B007BD9D0 /* Info.plist */ = {isa = PBXFileReference; lastKnownFileType = text.plist.xml; path = Info.plist; sourceTree = "<group>"; };
		A8BCD5A62211154B007BD9D0 /* My Lawyer Now - Ios AppTests.xctest */ = {isa = PBXFileReference; explicitFileType = wrapper.cfbundle; includeInIndex = 0; path = "My Lawyer Now - Ios AppTests.xctest"; sourceTree = BUILT_PRODUCTS_DIR; };
		A8BCD5AA2211154B007BD9D0 /* My_Lawyer_Now___Ios_AppTests.swift */ = {isa = PBXFileReference; lastKnownFileType = sourcecode.swift; path = "My_Lawyer_Now___Ios_AppTests.swift"; sourceTree = "<group>"; };
		A8BCD5AC2211154B007BD9D0 /* Info.plist */ = {isa = PBXFileReference; lastKnownFileType = text.plist.xml; path = Info.plist; sourceTree = "<group>"; };
		A8BCD5B12211154B007BD9D0 /* My Lawyer Now - Ios AppUITests.xctest */ = {isa = PBXFileReference; explicitFileType = wrapper.cfbundle; includeInIndex = 0; path = "My Lawyer Now - Ios AppUITests.xctest"; sourceTree = BUILT_PRODUCTS_DIR; };
		A8BCD5B52211154B007BD9D0 /* My_Lawyer_Now___Ios_AppUITests.swift */ = {isa = PBXFileReference; lastKnownFileType = sourcecode.swift; path = "My_Lawyer_Now___Ios_AppUITests.swift"; sourceTree = "<group>"; };
		A8BCD5B72211154B007BD9D0 /* Info.plist */ = {isa = PBXFileReference; lastKnownFileType = text.plist.xml; path = Info.plist; sourceTree = "<group>"; };
/* End PBXFileReference section */

/* Begin PBXFrameworksBuildPhase section */
		A8BCD58B22111549007BD9D0 /* Frameworks */ = {
			isa = PBXFrameworksBuildPhase;
			buildActionMask = 2147483647;
			files = (
			);
			runOnlyForDeploymentPostprocessing = 0;
		};
		A8BCD5A32211154B007BD9D0 /* Frameworks */ = {
			isa = PBXFrameworksBuildPhase;
			buildActionMask = 2147483647;
			files = (
			);
			runOnlyForDeploymentPostprocessing = 0;
		};
		A8BCD5AE2211154B007BD9D0 /* Frameworks */ = {
			isa = PBXFrameworksBuildPhase;
			buildActionMask = 2147483647;
			files = (
			);
			runOnlyForDeploymentPostprocessing = 0;
		};
/* End PBXFrameworksBuildPhase section */

/* Begin PBXGroup section */
		A8BCD58522111549007BD9D0 = {
			isa = PBXGroup;
			children = (
				A8BCD59022111549007BD9D0 /* My Lawyer Now - Ios App */,
				A8BCD5A92211154B007BD9D0 /* My Lawyer Now - Ios AppTests */,
				A8BCD5B42211154B007BD9D0 /* My Lawyer Now - Ios AppUITests */,
				A8BCD58F22111549007BD9D0 /* Products */,
			);
			sourceTree = "<group>";
		};
		A8BCD58F22111549007BD9D0 /* Products */ = {
			isa = PBXGroup;
			children = (
				A8BCD58E22111549007BD9D0 /* My Lawyer Now - Ios App.app */,
				A8BCD5A62211154B007BD9D0 /* My Lawyer Now - Ios AppTests.xctest */,
				A8BCD5B12211154B007BD9D0 /* My Lawyer Now - Ios AppUITests.xctest */,
			);
			name = Products;
			sourceTree = "<group>";
		};
		A8BCD59022111549007BD9D0 /* My Lawyer Now - Ios App */ = {
			isa = PBXGroup;
			children = (
				A8BCD59122111549007BD9D0 /* AppDelegate.swift */,
				A8BCD59322111549007BD9D0 /* RootViewController.swift */,
				A8BCD59522111549007BD9D0 /* DataViewController.swift */,
				A8BCD59722111549007BD9D0 /* ModelController.swift */,
				A8BCD5992211154A007BD9D0 /* Main.storyboard */,
				A8BCD59C2211154B007BD9D0 /* Assets.xcassets */,
				A8BCD59E2211154B007BD9D0 /* LaunchScreen.storyboard */,
				A8BCD5A12211154B007BD9D0 /* Info.plist */,
			);
			path = "My Lawyer Now - Ios App";
			sourceTree = "<group>";
		};
		A8BCD5A92211154B007BD9D0 /* My Lawyer Now - Ios AppTests */ = {
			isa = PBXGroup;
			children = (
				A8BCD5AA2211154B007BD9D0 /* My_Lawyer_Now___Ios_AppTests.swift */,
				A8BCD5AC2211154B007BD9D0 /* Info.plist */,
			);
			path = "My Lawyer Now - Ios AppTests";
			sourceTree = "<group>";
		};
		A8BCD5B42211154B007BD9D0 /* My Lawyer Now - Ios AppUITests */ = {
			isa = PBXGroup;
			children = (
				A8BCD5B52211154B007BD9D0 /* My_Lawyer_Now___Ios_AppUITests.swift */,
				A8BCD5B72211154B007BD9D0 /* Info.plist */,
			);
			path = "My Lawyer Now - Ios AppUITests";
			sourceTree = "<group>";
		};
/* End PBXGroup section */

/* Begin PBXNativeTarget section */
		A8BCD58D22111549007BD9D0 /* My Lawyer Now - Ios App */ = {
			isa = PBXNativeTarget;
			buildConfigurationList = A8BCD5BA2211154B007BD9D0 /* Build configuration list for PBXNativeTarget "My Lawyer Now - Ios App" */;
			buildPhases = (
				A8BCD58A22111549007BD9D0 /* Sources */,
				A8BCD58B22111549007BD9D0 /* Frameworks */,
				A8BCD58C22111549007BD9D0 /* Resources */,
			);
			buildRules = (
			);
			dependencies = (
			);
			name = "My Lawyer Now - Ios App";
			productName = "My Lawyer Now - Ios App";
			productReference = A8BCD58E22111549007BD9D0 /* My Lawyer Now - Ios App.app */;
			productType = "com.apple.product-type.application";
		};
		A8BCD5A52211154B007BD9D0 /* My Lawyer Now - Ios AppTests */ = {
			isa = PBXNativeTarget;
			buildConfigurationList = A8BCD5BD2211154B007BD9D0 /* Build configuration list for PBXNativeTarget "My Lawyer Now - Ios AppTests" */;
			buildPhases = (
				A8BCD5A22211154B007BD9D0 /* Sources */,
				A8BCD5A32211154B007BD9D0 /* Frameworks */,
				A8BCD5A42211154B007BD9D0 /* Resources */,
			);
			buildRules = (
			);
			dependencies = (
				A8BCD5A82211154B007BD9D0 /* PBXTargetDependency */,
			);
			name = "My Lawyer Now - Ios AppTests";
			productName = "My Lawyer Now - Ios AppTests";
			productReference = A8BCD5A62211154B007BD9D0 /* My Lawyer Now - Ios AppTests.xctest */;
			productType = "com.apple.product-type.bundle.unit-test";
		};
		A8BCD5B02211154B007BD9D0 /* My Lawyer Now - Ios AppUITests */ = {
			isa = PBXNativeTarget;
			buildConfigurationList = A8BCD5C02211154B007BD9D0 /* Build configuration list for PBXNativeTarget "My Lawyer Now - Ios AppUITests" */;
			buildPhases = (
				A8BCD5AD2211154B007BD9D0 /* Sources */,
				A8BCD5AE2211154B007BD9D0 /* Frameworks */,
				A8BCD5AF2211154B007BD9D0 /* Resources */,
			);
			buildRules = (
			);
			dependencies = (
				A8BCD5B32211154B007BD9D0 /* PBXTargetDependency */,
			);
			name = "My Lawyer Now - Ios AppUITests";
			productName = "My Lawyer Now - Ios AppUITests";
			productReference = A8BCD5B12211154B007BD9D0 /* My Lawyer Now - Ios AppUITests.xctest */;
			productType = "com.apple.product-type.bundle.ui-testing";
		};
/* End PBXNativeTarget section */

/* Begin PBXProject section */
		A8BCD58622111549007BD9D0 /* Project object */ = {
			isa = PBXProject;
			attributes = {
				LastSwiftUpdateCheck = 0940;
				LastUpgradeCheck = 0940;
				ORGANIZATIONNAME = "Cesa Salaam";
				TargetAttributes = {
					A8BCD58D22111549007BD9D0 = {
						CreatedOnToolsVersion = 9.4.1;
					};
					A8BCD5A52211154B007BD9D0 = {
						CreatedOnToolsVersion = 9.4.1;
						TestTargetID = A8BCD58D22111549007BD9D0;
					};
					A8BCD5B02211154B007BD9D0 = {
						CreatedOnToolsVersion = 9.4.1;
						TestTargetID = A8BCD58D22111549007BD9D0;
					};
				};
			};
			buildConfigurationList = A8BCD58922111549007BD9D0 /* Build configuration list for PBXProject "My Lawyer Now - Ios App" */;
			compatibilityVersion = "Xcode 9.3";
			developmentRegion = en;
			hasScannedForEncodings = 0;
			knownRegions = (
				en,
				Base,
			);
			mainGroup = A8BCD58522111549007BD9D0;
			productRefGroup = A8BCD58F22111549007BD9D0 /* Products */;
			projectDirPath = "";
			projectRoot = "";
			targets = (
				A8BCD58D22111549007BD9D0 /* My Lawyer Now - Ios App */,
				A8BCD5A52211154B007BD9D0 /* My Lawyer Now - Ios AppTests */,
				A8BCD5B02211154B007BD9D0 /* My Lawyer Now - Ios AppUITests */,
			);
		};
/* End PBXProject section */

/* Begin PBXResourcesBuildPhase section */
		A8BCD58C22111549007BD9D0 /* Resources */ = {
			isa = PBXResourcesBuildPhase;
			buildActionMask = 2147483647;
			files = (
				A8BCD5A02211154B007BD9D0 /* LaunchScreen.storyboard in Resources */,
				A8BCD59D2211154B007BD9D0 /* Assets.xcassets in Resources */,
				A8BCD59B2211154A007BD9D0 /* Main.storyboard in Resources */,
			);
			runOnlyForDeploymentPostprocessing = 0;
		};
		A8BCD5A42211154B007BD9D0 /* Resources */ = {
			isa = PBXResourcesBuildPhase;
			buildActionMask = 2147483647;
			files = (
			);
			runOnlyForDeploymentPostprocessing = 0;
		};
		A8BCD5AF2211154B007BD9D0 /* Resources */ = {
			isa = PBXResourcesBuildPhase;
			buildActionMask = 2147483647;
			files = (
			);
			runOnlyForDeploymentPostprocessing = 0;
		};
/* End PBXResourcesBuildPhase section */

/* Begin PBXSourcesBuildPhase section */
		A8BCD58A22111549007BD9D0 /* Sources */ = {
			isa = PBXSourcesBuildPhase;
			buildActionMask = 2147483647;
			files = (
				A8BCD59422111549007BD9D0 /* RootViewController.swift in Sources */,
				A8BCD59822111549007BD9D0 /* ModelController.swift in Sources */,
				A8BCD59622111549007BD9D0 /* DataViewController.swift in Sources */,
				A8BCD59222111549007BD9D0 /* AppDelegate.swift in Sources */,
			);
			runOnlyForDeploymentPostprocessing = 0;
		};
		A8BCD5A22211154B007BD9D0 /* Sources */ = {
			isa = PBXSourcesBuildPhase;
			buildActionMask = 2147483647;
			files = (
				A8BCD5AB2211154B007BD9D0 /* My_Lawyer_Now___Ios_AppTests.swift in Sources */,
			);
			runOnlyForDeploymentPostprocessing = 0;
		};
		A8BCD5AD2211154B007BD9D0 /* Sources */ = {
			isa = PBXSourcesBuildPhase;
			buildActionMask = 2147483647;
			files = (
				A8BCD5B62211154B007BD9D0 /* My_Lawyer_Now___Ios_AppUITests.swift in Sources */,
			);
			runOnlyForDeploymentPostprocessing = 0;
		};
/* End PBXSourcesBuildPhase section */

/* Begin PBXTargetDependency section */
		A8BCD5A82211154B007BD9D0 /* PBXTargetDependency */ = {
			isa = PBXTargetDependency;
			target = A8BCD58D22111549007BD9D0 /* My Lawyer Now - Ios App */;
			targetProxy = A8BCD5A72211154B007BD9D0 /* PBXContainerItemProxy */;
		};
		A8BCD5B32211154B007BD9D0 /* PBXTargetDependency */ = {
			isa = PBXTargetDependency;
			target = A8BCD58D22111549007BD9D0 /* My Lawyer Now - Ios App */;
			targetProxy = A8BCD5B22211154B007BD9D0 /* PBXContainerItemProxy */;
		};
/* End PBXTargetDependency section */

/* Begin PBXVariantGroup section */
		A8BCD5992211154A007BD9D0 /* Main.storyboard */ = {
			isa = PBXVariantGroup;
			children = (
				A8BCD59A2211154A007BD9D0 /* Base */,
			);
			name = Main.storyboard;
			sourceTree = "<group>";
		};
		A8BCD59E2211154B007BD9D0 /* LaunchScreen.storyboard */ = {
			isa = PBXVariantGroup;
			children = (
				A8BCD59F2211154B007BD9D0 /* Base */,
			);
			name = LaunchScreen.storyboard;
			sourceTree = "<group>";
		};
/* End PBXVariantGroup section */

/* Begin XCBuildConfiguration section */
		A8BCD5B82211154B007BD9D0 /* Debug */ = {
			isa = XCBuildConfiguration;
			buildSettings = {
				ALWAYS_SEARCH_USER_PATHS = NO;
				CLANG_ANALYZER_NONNULL = YES;
				CLANG_ANALYZER_NUMBER_OBJECT_CONVERSION = YES_AGGRESSIVE;
				CLANG_CXX_LANGUAGE_STANDARD = "gnu++14";
				CLANG_CXX_LIBRARY = "libc++";
				CLANG_ENABLE_MODULES = YES;
				CLANG_ENABLE_OBJC_ARC = YES;
				CLANG_ENABLE_OBJC_WEAK = YES;
				CLANG_WARN_BLOCK_CAPTURE_AUTORELEASING = YES;
				CLANG_WARN_BOOL_CONVERSION = YES;
				CLANG_WARN_COMMA = YES;
				CLANG_WARN_CONSTANT_CONVERSION = YES;
				CLANG_WARN_DEPRECATED_OBJC_IMPLEMENTATIONS = YES;
				CLANG_WARN_DIRECT_OBJC_ISA_USAGE = YES_ERROR;
				CLANG_WARN_DOCUMENTATION_COMMENTS = YES;
				CLANG_WARN_EMPTY_BODY = YES;
				CLANG_WARN_ENUM_CONVERSION = YES;
				CLANG_WARN_INFINITE_RECURSION = YES;
				CLANG_WARN_INT_CONVERSION = YES;
				CLANG_WARN_NON_LITERAL_NULL_CONVERSION = YES;
				CLANG_WARN_OBJC_IMPLICIT_RETAIN_SELF = YES;
				CLANG_WARN_OBJC_LITERAL_CONVERSION = YES;
				CLANG_WARN_OBJC_ROOT_CLASS = YES_ERROR;
				CLANG_WARN_RANGE_LOOP_ANALYSIS = YES;
				CLANG_WARN_STRICT_PROTOTYPES = YES;
				CLANG_WARN_SUSPICIOUS_MOVE = YES;
				CLANG_WARN_UNGUARDED_AVAILABILITY = YES_AGGRESSIVE;
				CLANG_WARN_UNREACHABLE_CODE = YES;
				CLANG_WARN__DUPLICATE_METHOD_MATCH = YES;
				CODE_SIGN_IDENTITY = "iPhone Developer";
				COPY_PHASE_STRIP = NO;
				DEBUG_INFORMATION_FORMAT = dwarf;
				ENABLE_STRICT_OBJC_MSGSEND = YES;
				ENABLE_TESTABILITY = YES;
				GCC_C_LANGUAGE_STANDARD = gnu11;
				GCC_DYNAMIC_NO_PIC = NO;
				GCC_NO_COMMON_BLOCKS = YES;
				GCC_OPTIMIZATION_LEVEL = 0;
				GCC_PREPROCESSOR_DEFINITIONS = (
					"DEBUG=1",
					"$(inherited)",
				);
				GCC_WARN_64_TO_32_BIT_CONVERSION = YES;
				GCC_WARN_ABOUT_RETURN_TYPE = YES_ERROR;
				GCC_WARN_UNDECLARED_SELECTOR = YES;
				GCC_WARN_UNINITIALIZED_AUTOS = YES_AGGRESSIVE;
				GCC_WARN_UNUSED_FUNCTION = YES;
				GCC_WARN_UNUSED_VARIABLE = YES;
				IPHONEOS_DEPLOYMENT_TARGET = 11.4;
				MTL_ENABLE_DEBUG_INFO = YES;
				ONLY_ACTIVE_ARCH = YES;
				SDKROOT = iphoneos;
				SWIFT_ACTIVE_COMPILATION_CONDITIONS = DEBUG;
				SWIFT_OPTIMIZATION_LEVEL = "-Onone";
			};
			name = Debug;
		};
		A8BCD5B92211154B007BD9D0 /* Release */ = {
			isa = XCBuildConfiguration;
			buildSettings = {
				ALWAYS_SEARCH_USER_PATHS = NO;
				CLANG_ANALYZER_NONNULL = YES;
				CLANG_ANALYZER_NUMBER_OBJECT_CONVERSION = YES_AGGRESSIVE;
				CLANG_CXX_LANGUAGE_STANDARD = "gnu++14";
				CLANG_CXX_LIBRARY = "libc++";
				CLANG_ENABLE_MODULES = YES;
				CLANG_ENABLE_OBJC_ARC = YES;
				CLANG_ENABLE_OBJC_WEAK = YES;
				CLANG_WARN_BLOCK_CAPTURE_AUTORELEASING = YES;
				CLANG_WARN_BOOL_CONVERSION = YES;
				CLANG_WARN_COMMA = YES;
				CLANG_WARN_CONSTANT_CONVERSION = YES;
				CLANG_WARN_DEPRECATED_OBJC_IMPLEMENTATIONS = YES;
				CLANG_WARN_DIRECT_OBJC_ISA_USAGE = YES_ERROR;
				CLANG_WARN_DOCUMENTATION_COMMENTS = YES;
				CLANG_WARN_EMPTY_BODY = YES;
				CLANG_WARN_ENUM_CONVERSION = YES;
				CLANG_WARN_INFINITE_RECURSION = YES;
				CLANG_WARN_INT_CONVERSION = YES;
				CLANG_WARN_NON_LITERAL_NULL_CONVERSION = YES;
				CLANG_WARN_OBJC_IMPLICIT_RETAIN_SELF = YES;
				CLANG_WARN_OBJC_LITERAL_CONVERSION = YES;
				CLANG_WARN_OBJC_ROOT_CLASS = YES_ERROR;
				CLANG_WARN_RANGE_LOOP_ANALYSIS = YES;
				CLANG_WARN_STRICT_PROTOTYPES = YES;
				CLANG_WARN_SUSPICIOUS_MOVE = YES;
				CLANG_WARN_UNGUARDED_AVAILABILITY = YES_AGGRESSIVE;
				CLANG_WARN_UNREACHABLE_CODE = YES;
				CLANG_WARN__DUPLICATE_METHOD_MATCH = YES;
				CODE_SIGN_IDENTITY = "iPhone Developer";
				COPY_PHASE_STRIP = NO;
				DEBUG_INFORMATION_FORMAT = "dwarf-with-dsym";
				ENABLE_NS_ASSERTIONS = NO;
				ENABLE_STRICT_OBJC_MSGSEND = YES;
				GCC_C_LANGUAGE_STANDARD = gnu11;
				GCC_NO_COMMON_BLOCKS = YES;
				GCC_WARN_64_TO_32_BIT_CONVERSION = YES;
				GCC_WARN_ABOUT_RETURN_TYPE = YES_ERROR;
				GCC_WARN_UNDECLARED_SELECTOR = YES;
				GCC_WARN_UNINITIALIZED_AUTOS = YES_AGGRESSIVE;
				GCC_WARN_UNUSED_FUNCTION = YES;
				GCC_WARN_UNUSED_VARIABLE = YES;
				IPHONEOS_DEPLOYMENT_TARGET = 11.4;
				MTL_ENABLE_DEBUG_INFO = NO;
				SDKROOT = iphoneos;
				SWIFT_COMPILATION_MODE = wholemodule;
				SWIFT_OPTIMIZATION_LEVEL = "-O";
				VALIDATE_PRODUCT = YES;
			};
			name = Release;
		};
		A8BCD5BB2211154B007BD9D0 /* Debug */ = {
			isa = XCBuildConfiguration;
			buildSettings = {
				ASSETCATALOG_COMPILER_APPICON_NAME = AppIcon;
				CODE_SIGN_STYLE = Automatic;
				INFOPLIST_FILE = "My Lawyer Now - Ios App/Info.plist";
				LD_RUNPATH_SEARCH_PATHS = (
					"$(inherited)",
					"@executable_path/Frameworks",
				);
				PRODUCT_BUNDLE_IDENTIFIER = "MyLawyerNow.My-Lawyer-Now---Ios-App";
				PRODUCT_NAME = "$(TARGET_NAME)";
				SWIFT_VERSION = 4.0;
				TARGETED_DEVICE_FAMILY = "1,2";
			};
			name = Debug;
		};
		A8BCD5BC2211154B007BD9D0 /* Release */ = {
			isa = XCBuildConfiguration;
			buildSettings = {
				ASSETCATALOG_COMPILER_APPICON_NAME = AppIcon;
				CODE_SIGN_STYLE = Automatic;
				INFOPLIST_FILE = "My Lawyer Now - Ios App/Info.plist";
				LD_RUNPATH_SEARCH_PATHS = (
					"$(inherited)",
					"@executable_path/Frameworks",
				);
				PRODUCT_BUNDLE_IDENTIFIER = "MyLawyerNow.My-Lawyer-Now---Ios-App";
				PRODUCT_NAME = "$(TARGET_NAME)";
				SWIFT_VERSION = 4.0;
				TARGETED_DEVICE_FAMILY = "1,2";
			};
			name = Release;
		};
		A8BCD5BE2211154B007BD9D0 /* Debug */ = {
			isa = XCBuildConfiguration;
			buildSettings = {
				ALWAYS_EMBED_SWIFT_STANDARD_LIBRARIES = YES;
				BUNDLE_LOADER = "$(TEST_HOST)";
				CODE_SIGN_STYLE = Automatic;
				INFOPLIST_FILE = "My Lawyer Now - Ios AppTests/Info.plist";
				LD_RUNPATH_SEARCH_PATHS = (
					"$(inherited)",
					"@executable_path/Frameworks",
					"@loader_path/Frameworks",
				);
				PRODUCT_BUNDLE_IDENTIFIER = "MyLawyerNow.My-Lawyer-Now---Ios-AppTests";
				PRODUCT_NAME = "$(TARGET_NAME)";
				SWIFT_VERSION = 4.0;
				TARGETED_DEVICE_FAMILY = "1,2";
				TEST_HOST = "$(BUILT_PRODUCTS_DIR)/My Lawyer Now - Ios App.app/My Lawyer Now - Ios App";
			};
			name = Debug;
		};
		A8BCD5BF2211154B007BD9D0 /* Release */ = {
			isa = XCBuildConfiguration;
			buildSettings = {
				ALWAYS_EMBED_SWIFT_STANDARD_LIBRARIES = YES;
				BUNDLE_LOADER = "$(TEST_HOST)";
				CODE_SIGN_STYLE = Automatic;
				INFOPLIST_FILE = "My Lawyer Now - Ios AppTests/Info.plist";
				LD_RUNPATH_SEARCH_PATHS = (
					"$(inherited)",
					"@executable_path/Frameworks",
					"@loader_path/Frameworks",
				);
				PRODUCT_BUNDLE_IDENTIFIER = "MyLawyerNow.My-Lawyer-Now---Ios-AppTests";
				PRODUCT_NAME = "$(TARGET_NAME)";
				SWIFT_VERSION = 4.0;
				TARGETED_DEVICE_FAMILY = "1,2";
				TEST_HOST = "$(BUILT_PRODUCTS_DIR)/My Lawyer Now - Ios App.app/My Lawyer Now - Ios App";
			};
			name = Release;
		};
		A8BCD5C12211154B007BD9D0 /* Debug */ = {
			isa = XCBuildConfiguration;
			buildSettings = {
				ALWAYS_EMBED_SWIFT_STANDARD_LIBRARIES = YES;
				CODE_SIGN_STYLE = Automatic;
				INFOPLIST_FILE = "My Lawyer Now - Ios AppUITests/Info.plist";
				LD_RUNPATH_SEARCH_PATHS = (
					"$(inherited)",
					"@executable_path/Frameworks",
					"@loader_path/Frameworks",
				);
				PRODUCT_BUNDLE_IDENTIFIER = "MyLawyerNow.My-Lawyer-Now---Ios-AppUITests";
				PRODUCT_NAME = "$(TARGET_NAME)";
				SWIFT_VERSION = 4.0;
				TARGETED_DEVICE_FAMILY = "1,2";
				TEST_TARGET_NAME = "My Lawyer Now - Ios App";
			};
			name = Debug;
		};
		A8BCD5C22211154B007BD9D0 /* Release */ = {
			isa = XCBuildConfiguration;
			buildSettings = {
				ALWAYS_EMBED_SWIFT_STANDARD_LIBRARIES = YES;
				CODE_SIGN_STYLE = Automatic;
				INFOPLIST_FILE = "My Lawyer Now - Ios AppUITests/Info.plist";
				LD_RUNPATH_SEARCH_PATHS = (
					"$(inherited)",
					"@executable_path/Frameworks",
					"@loader_path/Frameworks",
				);
				PRODUCT_BUNDLE_IDENTIFIER = "MyLawyerNow.My-Lawyer-Now---Ios-AppUITests";
				PRODUCT_NAME = "$(TARGET_NAME)";
				SWIFT_VERSION = 4.0;
				TARGETED_DEVICE_FAMILY = "1,2";
				TEST_TARGET_NAME = "My Lawyer Now - Ios App";
			};
			name = Release;
		};
/* End XCBuildConfiguration section */

/* Begin XCConfigurationList section */
		A8BCD58922111549007BD9D0 /* Build configuration list for PBXProject "My Lawyer Now - Ios App" */ = {
			isa = XCConfigurationList;
			buildConfigurations = (
				A8BCD5B82211154B007BD9D0 /* Debug */,
				A8BCD5B92211154B007BD9D0 /* Release */,
			);
			defaultConfigurationIsVisible = 0;
			defaultConfigurationName = Release;
		};
		A8BCD5BA2211154B007BD9D0 /* Build configuration list for PBXNativeTarget "My Lawyer Now - Ios App" */ = {
			isa = XCConfigurationList;
			buildConfigurations = (
				A8BCD5BB2211154B007BD9D0 /* Debug */,
				A8BCD5BC2211154B007BD9D0 /* Release */,
			);
			defaultConfigurationIsVisible = 0;
			defaultConfigurationName = Release;
		};
		A8BCD5BD2211154B007BD9D0 /* Build configuration list for PBXNativeTarget "My Lawyer Now - Ios AppTests" */ = {
			isa = XCConfigurationList;
			buildConfigurations = (
				A8BCD5BE2211154B007BD9D0 /* Debug */,
				A8BCD5BF2211154B007BD9D0 /* Release */,
			);
			defaultConfigurationIsVisible = 0;
			defaultConfigurationName = Release;
		};
		A8BCD5C02211154B007BD9D0 /* Build configuration list for PBXNativeTarget "My Lawyer Now - Ios AppUITests" */ = {
			isa = XCConfigurationList;
			buildConfigurations = (
				A8BCD5C12211154B007BD9D0 /* Debug */,
				A8BCD5C22211154B007BD9D0 /* Release */,
			);
			defaultConfigurationIsVisible = 0;
			defaultConfigurationName = Release;
		};
/* End XCConfigurationList section */
	};
	rootObject = A8BCD58622111549007BD9D0 /* Project object */;
}
