// !$*UTF8*$!
{
	archiveVersion = 1;
	classes = {
	};
	objectVersion = 50;
	objects = {

/* Begin PBXBuildFile section */
		8935EF9556B66D5D2A5E9B90 /* Pods_My_Lawyer_Now___Ios_AppTests.framework in Frameworks */ = {isa = PBXBuildFile; fileRef = 8488AEABDCCF1B2DB7264A2F /* Pods_My_Lawyer_Now___Ios_AppTests.framework */; };
		A80CFFD822171FFD00AC9D18 /* nameController.swift in Sources */ = {isa = PBXBuildFile; fileRef = A80CFFD722171FFD00AC9D18 /* nameController.swift */; };
		A829C49D2229A5DB001F3B87 /* mln LOGO.png in Resources */ = {isa = PBXBuildFile; fileRef = A829C49C2229A5DA001F3B87 /* mln LOGO.png */; };
		A829C49F2229A5E2001F3B87 /* MLN words.png in Resources */ = {isa = PBXBuildFile; fileRef = A829C49E2229A5E2001F3B87 /* MLN words.png */; };
		A873C155222C5E7A00C141AA /* extensions.swift in Sources */ = {isa = PBXBuildFile; fileRef = A873C154222C5E7A00C141AA /* extensions.swift */; };
		A873C157222C5E9A00C141AA /* lawFirmController.swift in Sources */ = {isa = PBXBuildFile; fileRef = A873C156222C5E9A00C141AA /* lawFirmController.swift */; };
		A873C159222C6BEA00C141AA /* emailSignup.swift in Sources */ = {isa = PBXBuildFile; fileRef = A873C158222C6BEA00C141AA /* emailSignup.swift */; };
		A873C15B222C6D8E00C141AA /* passwordController.swift in Sources */ = {isa = PBXBuildFile; fileRef = A873C15A222C6D8E00C141AA /* passwordController.swift */; };
		A873C15D222C6E5800C141AA /* phoneNumberController.swift in Sources */ = {isa = PBXBuildFile; fileRef = A873C15C222C6E5800C141AA /* phoneNumberController.swift */; };
		A8BCD59222111549007BD9D0 /* AppDelegate.swift in Sources */ = {isa = PBXBuildFile; fileRef = A8BCD59122111549007BD9D0 /* AppDelegate.swift */; };
		A8BCD59B2211154A007BD9D0 /* Main.storyboard in Resources */ = {isa = PBXBuildFile; fileRef = A8BCD5992211154A007BD9D0 /* Main.storyboard */; };
		A8BCD59D2211154B007BD9D0 /* Assets.xcassets in Resources */ = {isa = PBXBuildFile; fileRef = A8BCD59C2211154B007BD9D0 /* Assets.xcassets */; };
		A8BCD5A02211154B007BD9D0 /* LaunchScreen.storyboard in Resources */ = {isa = PBXBuildFile; fileRef = A8BCD59E2211154B007BD9D0 /* LaunchScreen.storyboard */; };
		A8BCD5AB2211154B007BD9D0 /* My_Lawyer_Now___Ios_AppTests.swift in Sources */ = {isa = PBXBuildFile; fileRef = A8BCD5AA2211154B007BD9D0 /* My_Lawyer_Now___Ios_AppTests.swift */; };
		A8BCD5B62211154B007BD9D0 /* My_Lawyer_Now___Ios_AppUITests.swift in Sources */ = {isa = PBXBuildFile; fileRef = A8BCD5B52211154B007BD9D0 /* My_Lawyer_Now___Ios_AppUITests.swift */; };
		A8BCD5C422111769007BD9D0 /* HomeViewController.swift in Sources */ = {isa = PBXBuildFile; fileRef = A8BCD5C322111769007BD9D0 /* HomeViewController.swift */; };
		A8BCD5C922111F63007BD9D0 /* GoogleService-Info.plist in Resources */ = {isa = PBXBuildFile; fileRef = A8BCD5C822111F63007BD9D0 /* GoogleService-Info.plist */; };
		A8F3A60C2220739E002F5E06 /* Cesa Salaam_FounderGym_C6.JPG in Resources */ = {isa = PBXBuildFile; fileRef = A8F3A60B2220739E002F5E06 /* Cesa Salaam_FounderGym_C6.JPG */; };
		A8F3A60E222074E9002F5E06 /* profileViewController.swift in Sources */ = {isa = PBXBuildFile; fileRef = A8F3A60D222074E9002F5E06 /* profileViewController.swift */; };
		A8F3A610222083CB002F5E06 /* addClientController.swift in Sources */ = {isa = PBXBuildFile; fileRef = A8F3A60F222083CB002F5E06 /* addClientController.swift */; };
		A8F3A61522224221002F5E06 /* GruveoController.swift in Sources */ = {isa = PBXBuildFile; fileRef = A8F3A61422224221002F5E06 /* GruveoController.swift */; };
		A8F5875322173EA000604F6C /* StartViewController.swift in Sources */ = {isa = PBXBuildFile; fileRef = A8F5875222173EA000604F6C /* StartViewController.swift */; };
		A8F58755221740F800604F6C /* Lawyer.swift in Sources */ = {isa = PBXBuildFile; fileRef = A8F58754221740F800604F6C /* Lawyer.swift */; };
		A8F8D99D221CB9B3007306A5 /* Client.swift in Sources */ = {isa = PBXBuildFile; fileRef = A8F8D99C221CB9B3007306A5 /* Client.swift */; };
		A8F8D9A1221CBDB5007306A5 /* LogInController.swift in Sources */ = {isa = PBXBuildFile; fileRef = A8F8D9A0221CBDB5007306A5 /* LogInController.swift */; };
		A8F8D9A3221CC3D4007306A5 /* Session.swift in Sources */ = {isa = PBXBuildFile; fileRef = A8F8D9A2221CC3D4007306A5 /* Session.swift */; };
		A8F8D9A7221F0C19007306A5 /* fireServices.swift in Sources */ = {isa = PBXBuildFile; fileRef = A8F8D9A6221F0C19007306A5 /* fireServices.swift */; };
		A8F8D9A9222056C7007306A5 /* clientCell.swift in Sources */ = {isa = PBXBuildFile; fileRef = A8F8D9A8222056C7007306A5 /* clientCell.swift */; };
		C7763C58E15B5DD742BA2030 /* Pods_My_Lawyer_Now___Ios_App.framework in Frameworks */ = {isa = PBXBuildFile; fileRef = B1E825E2FCA598E76AA31D58 /* Pods_My_Lawyer_Now___Ios_App.framework */; };
		D83D06BFE0B3E7CB118CF94C /* Pods_My_Lawyer_Now___Ios_AppUITests.framework in Frameworks */ = {isa = PBXBuildFile; fileRef = 531F423811DFCC663A374C2B /* Pods_My_Lawyer_Now___Ios_AppUITests.framework */; };
/* End PBXBuildFile section */

/* Begin PBXContainerItemProxy section */
		A8BCD5A72211154B007BD9D0 /* PBXContainerItemProxy */ = {
			isa = PBXContainerItemProxy;
			containerPortal = A8BCD58622111549007BD9D0 /* Project object */;
			proxyType = 1;
			remoteGlobalIDString = A8BCD58D22111549007BD9D0;
			remoteInfo = "My Lawyer Now - Ios App";
		};
		A8BCD5B22211154B007BD9D0 /* PBXContainerItemProxy */ = {
			isa = PBXContainerItemProxy;
			containerPortal = A8BCD58622111549007BD9D0 /* Project object */;
			proxyType = 1;
			remoteGlobalIDString = A8BCD58D22111549007BD9D0;
			remoteInfo = "My Lawyer Now - Ios App";
		};
/* End PBXContainerItemProxy section */

/* Begin PBXFileReference section */
		182B9CAC943FF8F4DFD6EBA9 /* Pods-My Lawyer Now - Ios AppTests.debug.xcconfig */ = {isa = PBXFileReference; includeInIndex = 1; lastKnownFileType = text.xcconfig; name = "Pods-My Lawyer Now - Ios AppTests.debug.xcconfig"; path = "Target Support Files/Pods-My Lawyer Now - Ios AppTests/Pods-My Lawyer Now - Ios AppTests.debug.xcconfig"; sourceTree = "<group>"; };
		225FE5F7E8A97A5F02AF6B5C /* Pods-My Lawyer Now - Ios AppUITests.debug.xcconfig */ = {isa = PBXFileReference; includeInIndex = 1; lastKnownFileType = text.xcconfig; name = "Pods-My Lawyer Now - Ios AppUITests.debug.xcconfig"; path = "Target Support Files/Pods-My Lawyer Now - Ios AppUITests/Pods-My Lawyer Now - Ios AppUITests.debug.xcconfig"; sourceTree = "<group>"; };
		34BB9C7CEE46EBFB960E726C /* Pods-My Lawyer Now - Ios App.release.xcconfig */ = {isa = PBXFileReference; includeInIndex = 1; lastKnownFileType = text.xcconfig; name = "Pods-My Lawyer Now - Ios App.release.xcconfig"; path = "Target Support Files/Pods-My Lawyer Now - Ios App/Pods-My Lawyer Now - Ios App.release.xcconfig"; sourceTree = "<group>"; };
		531F423811DFCC663A374C2B /* Pods_My_Lawyer_Now___Ios_AppUITests.framework */ = {isa = PBXFileReference; explicitFileType = wrapper.framework; includeInIndex = 0; path = "Pods_My_Lawyer_Now___Ios_AppUITests.framework"; sourceTree = BUILT_PRODUCTS_DIR; };
		63104BFA67ED77C48A99D288 /* Pods-My Lawyer Now - Ios AppTests.release.xcconfig */ = {isa = PBXFileReference; includeInIndex = 1; lastKnownFileType = text.xcconfig; name = "Pods-My Lawyer Now - Ios AppTests.release.xcconfig"; path = "Target Support Files/Pods-My Lawyer Now - Ios AppTests/Pods-My Lawyer Now - Ios AppTests.release.xcconfig"; sourceTree = "<group>"; };
		655AA3BC5876A6D1C1FE3E58 /* Pods-My Lawyer Now - Ios AppUITests.release.xcconfig */ = {isa = PBXFileReference; includeInIndex = 1; lastKnownFileType = text.xcconfig; name = "Pods-My Lawyer Now - Ios AppUITests.release.xcconfig"; path = "Target Support Files/Pods-My Lawyer Now - Ios AppUITests/Pods-My Lawyer Now - Ios AppUITests.release.xcconfig"; sourceTree = "<group>"; };
		8488AEABDCCF1B2DB7264A2F /* Pods_My_Lawyer_Now___Ios_AppTests.framework */ = {isa = PBXFileReference; explicitFileType = wrapper.framework; includeInIndex = 0; path = "Pods_My_Lawyer_Now___Ios_AppTests.framework"; sourceTree = BUILT_PRODUCTS_DIR; };
		A80CFFD722171FFD00AC9D18 /* nameController.swift */ = {isa = PBXFileReference; lastKnownFileType = sourcecode.swift; path = nameController.swift; sourceTree = "<group>"; };
		A829C49C2229A5DA001F3B87 /* mln LOGO.png */ = {isa = PBXFileReference; lastKnownFileType = image.png; path = "mln LOGO.png"; sourceTree = "<group>"; };
		A829C49E2229A5E2001F3B87 /* MLN words.png */ = {isa = PBXFileReference; lastKnownFileType = image.png; path = "MLN words.png"; sourceTree = "<group>"; };
		A873C154222C5E7A00C141AA /* extensions.swift */ = {isa = PBXFileReference; lastKnownFileType = sourcecode.swift; path = extensions.swift; sourceTree = "<group>"; };
		A873C156222C5E9A00C141AA /* lawFirmController.swift */ = {isa = PBXFileReference; lastKnownFileType = sourcecode.swift; path = lawFirmController.swift; sourceTree = "<group>"; };
		A873C158222C6BEA00C141AA /* emailSignup.swift */ = {isa = PBXFileReference; lastKnownFileType = sourcecode.swift; path = emailSignup.swift; sourceTree = "<group>"; };
		A873C15A222C6D8E00C141AA /* passwordController.swift */ = {isa = PBXFileReference; lastKnownFileType = sourcecode.swift; path = passwordController.swift; sourceTree = "<group>"; };
		A873C15C222C6E5800C141AA /* phoneNumberController.swift */ = {isa = PBXFileReference; lastKnownFileType = sourcecode.swift; path = phoneNumberController.swift; sourceTree = "<group>"; };
		A8BCD58E22111549007BD9D0 /* My Lawyer Now - Ios App.app */ = {isa = PBXFileReference; explicitFileType = wrapper.application; includeInIndex = 0; path = "My Lawyer Now - Ios App.app"; sourceTree = BUILT_PRODUCTS_DIR; };
		A8BCD59122111549007BD9D0 /* AppDelegate.swift */ = {isa = PBXFileReference; lastKnownFileType = sourcecode.swift; path = AppDelegate.swift; sourceTree = "<group>"; };
		A8BCD59A2211154A007BD9D0 /* Base */ = {isa = PBXFileReference; lastKnownFileType = file.storyboard; name = Base; path = Base.lproj/Main.storyboard; sourceTree = "<group>"; };
		A8BCD59C2211154B007BD9D0 /* Assets.xcassets */ = {isa = PBXFileReference; lastKnownFileType = folder.assetcatalog; path = Assets.xcassets; sourceTree = "<group>"; };
		A8BCD59F2211154B007BD9D0 /* Base */ = {isa = PBXFileReference; lastKnownFileType = file.storyboard; name = Base; path = Base.lproj/LaunchScreen.storyboard; sourceTree = "<group>"; };
		A8BCD5A12211154B007BD9D0 /* Info.plist */ = {isa = PBXFileReference; lastKnownFileType = text.plist.xml; path = Info.plist; sourceTree = "<group>"; };
		A8BCD5A62211154B007BD9D0 /* My Lawyer Now - Ios AppTests.xctest */ = {isa = PBXFileReference; explicitFileType = wrapper.cfbundle; includeInIndex = 0; path = "My Lawyer Now - Ios AppTests.xctest"; sourceTree = BUILT_PRODUCTS_DIR; };
		A8BCD5AA2211154B007BD9D0 /* My_Lawyer_Now___Ios_AppTests.swift */ = {isa = PBXFileReference; lastKnownFileType = sourcecode.swift; path = "My_Lawyer_Now___Ios_AppTests.swift"; sourceTree = "<group>"; };
		A8BCD5AC2211154B007BD9D0 /* Info.plist */ = {isa = PBXFileReference; lastKnownFileType = text.plist.xml; path = Info.plist; sourceTree = "<group>"; };
		A8BCD5B12211154B007BD9D0 /* My Lawyer Now - Ios AppUITests.xctest */ = {isa = PBXFileReference; explicitFileType = wrapper.cfbundle; includeInIndex = 0; path = "My Lawyer Now - Ios AppUITests.xctest"; sourceTree = BUILT_PRODUCTS_DIR; };
		A8BCD5B52211154B007BD9D0 /* My_Lawyer_Now___Ios_AppUITests.swift */ = {isa = PBXFileReference; lastKnownFileType = sourcecode.swift; path = "My_Lawyer_Now___Ios_AppUITests.swift"; sourceTree = "<group>"; };
		A8BCD5B72211154B007BD9D0 /* Info.plist */ = {isa = PBXFileReference; lastKnownFileType = text.plist.xml; path = Info.plist; sourceTree = "<group>"; };
		A8BCD5C322111769007BD9D0 /* HomeViewController.swift */ = {isa = PBXFileReference; lastKnownFileType = sourcecode.swift; path = HomeViewController.swift; sourceTree = "<group>"; };
		A8BCD5C822111F63007BD9D0 /* GoogleService-Info.plist */ = {isa = PBXFileReference; fileEncoding = 4; lastKnownFileType = text.plist.xml; path = "GoogleService-Info.plist"; sourceTree = "<group>"; };
		A8F3A60B2220739E002F5E06 /* Cesa Salaam_FounderGym_C6.JPG */ = {isa = PBXFileReference; lastKnownFileType = image.jpeg; path = "Cesa Salaam_FounderGym_C6.JPG"; sourceTree = "<group>"; };
		A8F3A60D222074E9002F5E06 /* profileViewController.swift */ = {isa = PBXFileReference; lastKnownFileType = sourcecode.swift; path = profileViewController.swift; sourceTree = "<group>"; };
		A8F3A60F222083CB002F5E06 /* addClientController.swift */ = {isa = PBXFileReference; lastKnownFileType = sourcecode.swift; path = addClientController.swift; sourceTree = "<group>"; };
		A8F3A61122223EAB002F5E06 /* My Lawyer Now - Ios App-Bridging-Header.h */ = {isa = PBXFileReference; lastKnownFileType = sourcecode.c.h; path = "My Lawyer Now - Ios App-Bridging-Header.h"; sourceTree = "<group>"; };
		A8F3A61422224221002F5E06 /* GruveoController.swift */ = {isa = PBXFileReference; lastKnownFileType = sourcecode.swift; path = GruveoController.swift; sourceTree = "<group>"; };
		A8F5875222173EA000604F6C /* StartViewController.swift */ = {isa = PBXFileReference; lastKnownFileType = sourcecode.swift; path = StartViewController.swift; sourceTree = "<group>"; };
		A8F58754221740F800604F6C /* Lawyer.swift */ = {isa = PBXFileReference; lastKnownFileType = sourcecode.swift; path = Lawyer.swift; sourceTree = "<group>"; };
		A8F8D99C221CB9B3007306A5 /* Client.swift */ = {isa = PBXFileReference; lastKnownFileType = sourcecode.swift; path = Client.swift; sourceTree = "<group>"; };
		A8F8D9A0221CBDB5007306A5 /* LogInController.swift */ = {isa = PBXFileReference; lastKnownFileType = sourcecode.swift; path = LogInController.swift; sourceTree = "<group>"; };
		A8F8D9A2221CC3D4007306A5 /* Session.swift */ = {isa = PBXFileReference; lastKnownFileType = sourcecode.swift; path = Session.swift; sourceTree = "<group>"; };
		A8F8D9A6221F0C19007306A5 /* fireServices.swift */ = {isa = PBXFileReference; lastKnownFileType = sourcecode.swift; path = fireServices.swift; sourceTree = "<group>"; };
		A8F8D9A8222056C7007306A5 /* clientCell.swift */ = {isa = PBXFileReference; lastKnownFileType = sourcecode.swift; path = clientCell.swift; sourceTree = "<group>"; };
		AF6002CFB9AF725D6F60336A /* Pods-My Lawyer Now - Ios App.debug.xcconfig */ = {isa = PBXFileReference; includeInIndex = 1; lastKnownFileType = text.xcconfig; name = "Pods-My Lawyer Now - Ios App.debug.xcconfig"; path = "Target Support Files/Pods-My Lawyer Now - Ios App/Pods-My Lawyer Now - Ios App.debug.xcconfig"; sourceTree = "<group>"; };
		B1E825E2FCA598E76AA31D58 /* Pods_My_Lawyer_Now___Ios_App.framework */ = {isa = PBXFileReference; explicitFileType = wrapper.framework; includeInIndex = 0; path = "Pods_My_Lawyer_Now___Ios_App.framework"; sourceTree = BUILT_PRODUCTS_DIR; };
/* End PBXFileReference section */

/* Begin PBXFrameworksBuildPhase section */
		A8BCD58B22111549007BD9D0 /* Frameworks */ = {
			isa = PBXFrameworksBuildPhase;
			buildActionMask = 2147483647;
			files = (
				C7763C58E15B5DD742BA2030 /* Pods_My_Lawyer_Now___Ios_App.framework in Frameworks */,
			);
			runOnlyForDeploymentPostprocessing = 0;
		};
		A8BCD5A32211154B007BD9D0 /* Frameworks */ = {
			isa = PBXFrameworksBuildPhase;
			buildActionMask = 2147483647;
			files = (
				8935EF9556B66D5D2A5E9B90 /* Pods_My_Lawyer_Now___Ios_AppTests.framework in Frameworks */,
			);
			runOnlyForDeploymentPostprocessing = 0;
		};
		A8BCD5AE2211154B007BD9D0 /* Frameworks */ = {
			isa = PBXFrameworksBuildPhase;
			buildActionMask = 2147483647;
			files = (
				D83D06BFE0B3E7CB118CF94C /* Pods_My_Lawyer_Now___Ios_AppUITests.framework in Frameworks */,
			);
			runOnlyForDeploymentPostprocessing = 0;
		};
/* End PBXFrameworksBuildPhase section */

/* Begin PBXGroup section */
		3A9B6B19521216A6D48B31EE /* Pods */ = {
			isa = PBXGroup;
			children = (
				AF6002CFB9AF725D6F60336A /* Pods-My Lawyer Now - Ios App.debug.xcconfig */,
				34BB9C7CEE46EBFB960E726C /* Pods-My Lawyer Now - Ios App.release.xcconfig */,
				182B9CAC943FF8F4DFD6EBA9 /* Pods-My Lawyer Now - Ios AppTests.debug.xcconfig */,
				63104BFA67ED77C48A99D288 /* Pods-My Lawyer Now - Ios AppTests.release.xcconfig */,
				225FE5F7E8A97A5F02AF6B5C /* Pods-My Lawyer Now - Ios AppUITests.debug.xcconfig */,
				655AA3BC5876A6D1C1FE3E58 /* Pods-My Lawyer Now - Ios AppUITests.release.xcconfig */,
			);
			path = Pods;
			sourceTree = "<group>";
		};
		758CE0A318475EE0A67526D3 /* Frameworks */ = {
			isa = PBXGroup;
			children = (
				B1E825E2FCA598E76AA31D58 /* Pods_My_Lawyer_Now___Ios_App.framework */,
				8488AEABDCCF1B2DB7264A2F /* Pods_My_Lawyer_Now___Ios_AppTests.framework */,
				531F423811DFCC663A374C2B /* Pods_My_Lawyer_Now___Ios_AppUITests.framework */,
			);
			name = Frameworks;
			sourceTree = "<group>";
		};
		A80D82AA2211F34500721BE9 /* Controllers */ = {
			isa = PBXGroup;
			children = (
				A8F5875222173EA000604F6C /* StartViewController.swift */,
				A8F8D9A0221CBDB5007306A5 /* LogInController.swift */,
				A80CFFD722171FFD00AC9D18 /* nameController.swift */,
				A873C158222C6BEA00C141AA /* emailSignup.swift */,
				A873C15A222C6D8E00C141AA /* passwordController.swift */,
				A873C156222C5E9A00C141AA /* lawFirmController.swift */,
				A873C15C222C6E5800C141AA /* phoneNumberController.swift */,
				A8BCD5C322111769007BD9D0 /* HomeViewController.swift */,
				A8F3A60D222074E9002F5E06 /* profileViewController.swift */,
				A8F3A60F222083CB002F5E06 /* addClientController.swift */,
				A8F3A61422224221002F5E06 /* GruveoController.swift */,
			);
			path = Controllers;
			sourceTree = "<group>";
		};
		A8BCD58522111549007BD9D0 = {
			isa = PBXGroup;
			children = (
				A8BCD59022111549007BD9D0 /* My Lawyer Now - Ios App */,
				A8BCD5A92211154B007BD9D0 /* My Lawyer Now - Ios AppTests */,
				A8BCD5B42211154B007BD9D0 /* My Lawyer Now - Ios AppUITests */,
				A8BCD58F22111549007BD9D0 /* Products */,
				3A9B6B19521216A6D48B31EE /* Pods */,
				758CE0A318475EE0A67526D3 /* Frameworks */,
			);
			sourceTree = "<group>";
		};
		A8BCD58F22111549007BD9D0 /* Products */ = {
			isa = PBXGroup;
			children = (
				A8BCD58E22111549007BD9D0 /* My Lawyer Now - Ios App.app */,
				A8BCD5A62211154B007BD9D0 /* My Lawyer Now - Ios AppTests.xctest */,
				A8BCD5B12211154B007BD9D0 /* My Lawyer Now - Ios AppUITests.xctest */,
			);
			name = Products;
			sourceTree = "<group>";
		};
		A8BCD59022111549007BD9D0 /* My Lawyer Now - Ios App */ = {
			isa = PBXGroup;
			children = (
				A829C49C2229A5DA001F3B87 /* mln LOGO.png */,
				A8F3A60B2220739E002F5E06 /* Cesa Salaam_FounderGym_C6.JPG */,
				A829C49E2229A5E2001F3B87 /* MLN words.png */,
				A80D82AA2211F34500721BE9 /* Controllers */,
				A8BCD5C7221119DF007BD9D0 /* Model */,
				A8BCD59122111549007BD9D0 /* AppDelegate.swift */,
				A8BCD5992211154A007BD9D0 /* Main.storyboard */,
				A8BCD59C2211154B007BD9D0 /* Assets.xcassets */,
				A8BCD59E2211154B007BD9D0 /* LaunchScreen.storyboard */,
				A8BCD5A12211154B007BD9D0 /* Info.plist */,
				A8BCD5C822111F63007BD9D0 /* GoogleService-Info.plist */,
				A8F3A61122223EAB002F5E06 /* My Lawyer Now - Ios App-Bridging-Header.h */,
			);
			path = "My Lawyer Now - Ios App";
			sourceTree = "<group>";
		};
		A8BCD5A92211154B007BD9D0 /* My Lawyer Now - Ios AppTests */ = {
			isa = PBXGroup;
			children = (
				A8BCD5AA2211154B007BD9D0 /* My_Lawyer_Now___Ios_AppTests.swift */,
				A8BCD5AC2211154B007BD9D0 /* Info.plist */,
			);
			path = "My Lawyer Now - Ios AppTests";
			sourceTree = "<group>";
		};
		A8BCD5B42211154B007BD9D0 /* My Lawyer Now - Ios AppUITests */ = {
			isa = PBXGroup;
			children = (
				A8BCD5B52211154B007BD9D0 /* My_Lawyer_Now___Ios_AppUITests.swift */,
				A8BCD5B72211154B007BD9D0 /* Info.plist */,
			);
			path = "My Lawyer Now - Ios AppUITests";
			sourceTree = "<group>";
		};
		A8BCD5C7221119DF007BD9D0 /* Model */ = {
			isa = PBXGroup;
			children = (
				A8F58754221740F800604F6C /* Lawyer.swift */,
				A8F8D99C221CB9B3007306A5 /* Client.swift */,
				A8F8D9A2221CC3D4007306A5 /* Session.swift */,
				A8F8D9A6221F0C19007306A5 /* fireServices.swift */,
				A8F8D9A8222056C7007306A5 /* clientCell.swift */,
				A873C154222C5E7A00C141AA /* extensions.swift */,
			);
			path = Model;
			sourceTree = "<group>";
		};
/* End PBXGroup section */

/* Begin PBXNativeTarget section */
		A8BCD58D22111549007BD9D0 /* My Lawyer Now - Ios App */ = {
			isa = PBXNativeTarget;
			buildConfigurationList = A8BCD5BA2211154B007BD9D0 /* Build configuration list for PBXNativeTarget "My Lawyer Now - Ios App" */;
			buildPhases = (
				1A2F89740355F4FB3A061C7E /* [CP] Check Pods Manifest.lock */,
				A8BCD58A22111549007BD9D0 /* Sources */,
				A8BCD58B22111549007BD9D0 /* Frameworks */,
				A8BCD58C22111549007BD9D0 /* Resources */,
				DF6CCA8264F09A3E681DE489 /* [CP] Embed Pods Frameworks */,
			);
			buildRules = (
			);
			dependencies = (
			);
			name = "My Lawyer Now - Ios App";
			productName = "My Lawyer Now - Ios App";
			productReference = A8BCD58E22111549007BD9D0 /* My Lawyer Now - Ios App.app */;
			productType = "com.apple.product-type.application";
		};
		A8BCD5A52211154B007BD9D0 /* My Lawyer Now - Ios AppTests */ = {
			isa = PBXNativeTarget;
			buildConfigurationList = A8BCD5BD2211154B007BD9D0 /* Build configuration list for PBXNativeTarget "My Lawyer Now - Ios AppTests" */;
			buildPhases = (
				DD56CD48281275BA749E4EBE /* [CP] Check Pods Manifest.lock */,
				A8BCD5A22211154B007BD9D0 /* Sources */,
				A8BCD5A32211154B007BD9D0 /* Frameworks */,
				A8BCD5A42211154B007BD9D0 /* Resources */,
			);
			buildRules = (
			);
			dependencies = (
				A8BCD5A82211154B007BD9D0 /* PBXTargetDependency */,
			);
			name = "My Lawyer Now - Ios AppTests";
			productName = "My Lawyer Now - Ios AppTests";
			productReference = A8BCD5A62211154B007BD9D0 /* My Lawyer Now - Ios AppTests.xctest */;
			productType = "com.apple.product-type.bundle.unit-test";
		};
		A8BCD5B02211154B007BD9D0 /* My Lawyer Now - Ios AppUITests */ = {
			isa = PBXNativeTarget;
			buildConfigurationList = A8BCD5C02211154B007BD9D0 /* Build configuration list for PBXNativeTarget "My Lawyer Now - Ios AppUITests" */;
			buildPhases = (
				0DD191C6508550D3E7A54D86 /* [CP] Check Pods Manifest.lock */,
				A8BCD5AD2211154B007BD9D0 /* Sources */,
				A8BCD5AE2211154B007BD9D0 /* Frameworks */,
				A8BCD5AF2211154B007BD9D0 /* Resources */,
			);
			buildRules = (
			);
			dependencies = (
				A8BCD5B32211154B007BD9D0 /* PBXTargetDependency */,
			);
			name = "My Lawyer Now - Ios AppUITests";
			productName = "My Lawyer Now - Ios AppUITests";
			productReference = A8BCD5B12211154B007BD9D0 /* My Lawyer Now - Ios AppUITests.xctest */;
			productType = "com.apple.product-type.bundle.ui-testing";
		};
/* End PBXNativeTarget section */

/* Begin PBXProject section */
		A8BCD58622111549007BD9D0 /* Project object */ = {
			isa = PBXProject;
			attributes = {
				LastSwiftUpdateCheck = 0940;
				LastUpgradeCheck = 0940;
				ORGANIZATIONNAME = "Cesa Salaam";
				TargetAttributes = {
					A8BCD58D22111549007BD9D0 = {
						CreatedOnToolsVersion = 9.4.1;
						LastSwiftMigration = 1010;
					};
					A8BCD5A52211154B007BD9D0 = {
						CreatedOnToolsVersion = 9.4.1;
						TestTargetID = A8BCD58D22111549007BD9D0;
					};
					A8BCD5B02211154B007BD9D0 = {
						CreatedOnToolsVersion = 9.4.1;
						TestTargetID = A8BCD58D22111549007BD9D0;
					};
				};
			};
			buildConfigurationList = A8BCD58922111549007BD9D0 /* Build configuration list for PBXProject "My Lawyer Now - Ios App" */;
			compatibilityVersion = "Xcode 9.3";
			developmentRegion = en;
			hasScannedForEncodings = 0;
			knownRegions = (
				en,
				Base,
			);
			mainGroup = A8BCD58522111549007BD9D0;
			productRefGroup = A8BCD58F22111549007BD9D0 /* Products */;
			projectDirPath = "";
			projectRoot = "";
			targets = (
				A8BCD58D22111549007BD9D0 /* My Lawyer Now - Ios App */,
				A8BCD5A52211154B007BD9D0 /* My Lawyer Now - Ios AppTests */,
				A8BCD5B02211154B007BD9D0 /* My Lawyer Now - Ios AppUITests */,
			);
		};
/* End PBXProject section */

/* Begin PBXResourcesBuildPhase section */
		A8BCD58C22111549007BD9D0 /* Resources */ = {
			isa = PBXResourcesBuildPhase;
			buildActionMask = 2147483647;
			files = (
				A8BCD5A02211154B007BD9D0 /* LaunchScreen.storyboard in Resources */,
				A829C49D2229A5DB001F3B87 /* mln LOGO.png in Resources */,
				A8F3A60C2220739E002F5E06 /* Cesa Salaam_FounderGym_C6.JPG in Resources */,
				A829C49F2229A5E2001F3B87 /* MLN words.png in Resources */,
				A8BCD5C922111F63007BD9D0 /* GoogleService-Info.plist in Resources */,
				A8BCD59D2211154B007BD9D0 /* Assets.xcassets in Resources */,
				A8BCD59B2211154A007BD9D0 /* Main.storyboard in Resources */,
			);
			runOnlyForDeploymentPostprocessing = 0;
		};
		A8BCD5A42211154B007BD9D0 /* Resources */ = {
			isa = PBXResourcesBuildPhase;
			buildActionMask = 2147483647;
			files = (
			);
			runOnlyForDeploymentPostprocessing = 0;
		};
		A8BCD5AF2211154B007BD9D0 /* Resources */ = {
			isa = PBXResourcesBuildPhase;
			buildActionMask = 2147483647;
			files = (
			);
			runOnlyForDeploymentPostprocessing = 0;
		};
/* End PBXResourcesBuildPhase section */

/* Begin PBXShellScriptBuildPhase section */
		0DD191C6508550D3E7A54D86 /* [CP] Check Pods Manifest.lock */ = {
			isa = PBXShellScriptBuildPhase;
			buildActionMask = 2147483647;
			files = (
			);
			inputPaths = (
				"${PODS_PODFILE_DIR_PATH}/Podfile.lock",
				"${PODS_ROOT}/Manifest.lock",
			);
			name = "[CP] Check Pods Manifest.lock";
			outputPaths = (
				"$(DERIVED_FILE_DIR)/Pods-My Lawyer Now - Ios AppUITests-checkManifestLockResult.txt",
			);
			runOnlyForDeploymentPostprocessing = 0;
			shellPath = /bin/sh;
			shellScript = "diff \"${PODS_PODFILE_DIR_PATH}/Podfile.lock\" \"${PODS_ROOT}/Manifest.lock\" > /dev/null\nif [ $? != 0 ] ; then\n    # print error to STDERR\n    echo \"error: The sandbox is not in sync with the Podfile.lock. Run 'pod install' or update your CocoaPods installation.\" >&2\n    exit 1\nfi\n# This output is used by Xcode 'outputs' to avoid re-running this script phase.\necho \"SUCCESS\" > \"${SCRIPT_OUTPUT_FILE_0}\"\n";
			showEnvVarsInLog = 0;
		};
		1A2F89740355F4FB3A061C7E /* [CP] Check Pods Manifest.lock */ = {
			isa = PBXShellScriptBuildPhase;
			buildActionMask = 2147483647;
			files = (
			);
			inputPaths = (
				"${PODS_PODFILE_DIR_PATH}/Podfile.lock",
				"${PODS_ROOT}/Manifest.lock",
			);
			name = "[CP] Check Pods Manifest.lock";
			outputPaths = (
				"$(DERIVED_FILE_DIR)/Pods-My Lawyer Now - Ios App-checkManifestLockResult.txt",
			);
			runOnlyForDeploymentPostprocessing = 0;
			shellPath = /bin/sh;
			shellScript = "diff \"${PODS_PODFILE_DIR_PATH}/Podfile.lock\" \"${PODS_ROOT}/Manifest.lock\" > /dev/null\nif [ $? != 0 ] ; then\n    # print error to STDERR\n    echo \"error: The sandbox is not in sync with the Podfile.lock. Run 'pod install' or update your CocoaPods installation.\" >&2\n    exit 1\nfi\n# This output is used by Xcode 'outputs' to avoid re-running this script phase.\necho \"SUCCESS\" > \"${SCRIPT_OUTPUT_FILE_0}\"\n";
			showEnvVarsInLog = 0;
		};
		DD56CD48281275BA749E4EBE /* [CP] Check Pods Manifest.lock */ = {
			isa = PBXShellScriptBuildPhase;
			buildActionMask = 2147483647;
			files = (
			);
			inputPaths = (
				"${PODS_PODFILE_DIR_PATH}/Podfile.lock",
				"${PODS_ROOT}/Manifest.lock",
			);
			name = "[CP] Check Pods Manifest.lock";
			outputPaths = (
				"$(DERIVED_FILE_DIR)/Pods-My Lawyer Now - Ios AppTests-checkManifestLockResult.txt",
			);
			runOnlyForDeploymentPostprocessing = 0;
			shellPath = /bin/sh;
			shellScript = "diff \"${PODS_PODFILE_DIR_PATH}/Podfile.lock\" \"${PODS_ROOT}/Manifest.lock\" > /dev/null\nif [ $? != 0 ] ; then\n    # print error to STDERR\n    echo \"error: The sandbox is not in sync with the Podfile.lock. Run 'pod install' or update your CocoaPods installation.\" >&2\n    exit 1\nfi\n# This output is used by Xcode 'outputs' to avoid re-running this script phase.\necho \"SUCCESS\" > \"${SCRIPT_OUTPUT_FILE_0}\"\n";
			showEnvVarsInLog = 0;
		};
		DF6CCA8264F09A3E681DE489 /* [CP] Embed Pods Frameworks */ = {
			isa = PBXShellScriptBuildPhase;
			buildActionMask = 2147483647;
			files = (
			);
			inputPaths = (
				"${PODS_ROOT}/Target Support Files/Pods-My Lawyer Now - Ios App/Pods-My Lawyer Now - Ios App-frameworks.sh",
				"${BUILT_PRODUCTS_DIR}/Alamofire/Alamofire.framework",
				"${BUILT_PRODUCTS_DIR}/GTMSessionFetcher/GTMSessionFetcher.framework",
				"${BUILT_PRODUCTS_DIR}/GoogleUtilities/GoogleUtilities.framework",
				"${PODS_ROOT}/GruveoSDK/GruveoSDK/GruveoSDK.framework",
				"${PODS_ROOT}/GruveoWebRTC/WebRTC.framework",
				"${BUILT_PRODUCTS_DIR}/leveldb-library/leveldb.framework",
				"${BUILT_PRODUCTS_DIR}/nanopb/nanopb.framework",
			);
			name = "[CP] Embed Pods Frameworks";
			outputPaths = (
				"${TARGET_BUILD_DIR}/${FRAMEWORKS_FOLDER_PATH}/Alamofire.framework",
				"${TARGET_BUILD_DIR}/${FRAMEWORKS_FOLDER_PATH}/GTMSessionFetcher.framework",
				"${TARGET_BUILD_DIR}/${FRAMEWORKS_FOLDER_PATH}/GoogleUtilities.framework",
				"${TARGET_BUILD_DIR}/${FRAMEWORKS_FOLDER_PATH}/GruveoSDK.framework",
				"${TARGET_BUILD_DIR}/${FRAMEWORKS_FOLDER_PATH}/WebRTC.framework",
				"${TARGET_BUILD_DIR}/${FRAMEWORKS_FOLDER_PATH}/leveldb.framework",
				"${TARGET_BUILD_DIR}/${FRAMEWORKS_FOLDER_PATH}/nanopb.framework",
			);
			runOnlyForDeploymentPostprocessing = 0;
			shellPath = /bin/sh;
			shellScript = "\"${PODS_ROOT}/Target Support Files/Pods-My Lawyer Now - Ios App/Pods-My Lawyer Now - Ios App-frameworks.sh\"\n";
			showEnvVarsInLog = 0;
		};
/* End PBXShellScriptBuildPhase section */

/* Begin PBXSourcesBuildPhase section */
		A8BCD58A22111549007BD9D0 /* Sources */ = {
			isa = PBXSourcesBuildPhase;
			buildActionMask = 2147483647;
			files = (
				A873C157222C5E9A00C141AA /* lawFirmController.swift in Sources */,
				A8F3A610222083CB002F5E06 /* addClientController.swift in Sources */,
				A8F8D9A7221F0C19007306A5 /* fireServices.swift in Sources */,
				A8F5875322173EA000604F6C /* StartViewController.swift in Sources */,
				A873C155222C5E7A00C141AA /* extensions.swift in Sources */,
				A8F8D9A9222056C7007306A5 /* clientCell.swift in Sources */,
				A8F3A61522224221002F5E06 /* GruveoController.swift in Sources */,
				A8F58755221740F800604F6C /* Lawyer.swift in Sources */,
				A8F8D9A1221CBDB5007306A5 /* LogInController.swift in Sources */,
				A8F8D99D221CB9B3007306A5 /* Client.swift in Sources */,
				A873C159222C6BEA00C141AA /* emailSignup.swift in Sources */,
				A873C15B222C6D8E00C141AA /* passwordController.swift in Sources */,
				A8F3A60E222074E9002F5E06 /* profileViewController.swift in Sources */,
				A8F8D9A3221CC3D4007306A5 /* Session.swift in Sources */,
				A8BCD59222111549007BD9D0 /* AppDelegate.swift in Sources */,
				A873C15D222C6E5800C141AA /* phoneNumberController.swift in Sources */,
				A80CFFD822171FFD00AC9D18 /* nameController.swift in Sources */,
				A8BCD5C422111769007BD9D0 /* HomeViewController.swift in Sources */,
			);
			runOnlyForDeploymentPostprocessing = 0;
		};
		A8BCD5A22211154B007BD9D0 /* Sources */ = {
			isa = PBXSourcesBuildPhase;
			buildActionMask = 2147483647;
			files = (
				A8BCD5AB2211154B007BD9D0 /* My_Lawyer_Now___Ios_AppTests.swift in Sources */,
			);
			runOnlyForDeploymentPostprocessing = 0;
		};
		A8BCD5AD2211154B007BD9D0 /* Sources */ = {
			isa = PBXSourcesBuildPhase;
			buildActionMask = 2147483647;
			files = (
				A8BCD5B62211154B007BD9D0 /* My_Lawyer_Now___Ios_AppUITests.swift in Sources */,
			);
			runOnlyForDeploymentPostprocessing = 0;
		};
/* End PBXSourcesBuildPhase section */

/* Begin PBXTargetDependency section */
		A8BCD5A82211154B007BD9D0 /* PBXTargetDependency */ = {
			isa = PBXTargetDependency;
			target = A8BCD58D22111549007BD9D0 /* My Lawyer Now - Ios App */;
			targetProxy = A8BCD5A72211154B007BD9D0 /* PBXContainerItemProxy */;
		};
		A8BCD5B32211154B007BD9D0 /* PBXTargetDependency */ = {
			isa = PBXTargetDependency;
			target = A8BCD58D22111549007BD9D0 /* My Lawyer Now - Ios App */;
			targetProxy = A8BCD5B22211154B007BD9D0 /* PBXContainerItemProxy */;
		};
/* End PBXTargetDependency section */

/* Begin PBXVariantGroup section */
		A8BCD5992211154A007BD9D0 /* Main.storyboard */ = {
			isa = PBXVariantGroup;
			children = (
				A8BCD59A2211154A007BD9D0 /* Base */,
			);
			name = Main.storyboard;
			sourceTree = "<group>";
		};
		A8BCD59E2211154B007BD9D0 /* LaunchScreen.storyboard */ = {
			isa = PBXVariantGroup;
			children = (
				A8BCD59F2211154B007BD9D0 /* Base */,
			);
			name = LaunchScreen.storyboard;
			sourceTree = "<group>";
		};
/* End PBXVariantGroup section */

/* Begin XCBuildConfiguration section */
		A8BCD5B82211154B007BD9D0 /* Debug */ = {
			isa = XCBuildConfiguration;
			buildSettings = {
				ALWAYS_SEARCH_USER_PATHS = NO;
				CLANG_ANALYZER_NONNULL = YES;
				CLANG_ANALYZER_NUMBER_OBJECT_CONVERSION = YES_AGGRESSIVE;
				CLANG_CXX_LANGUAGE_STANDARD = "gnu++14";
				CLANG_CXX_LIBRARY = "libc++";
				CLANG_ENABLE_MODULES = YES;
				CLANG_ENABLE_OBJC_ARC = YES;
				CLANG_ENABLE_OBJC_WEAK = YES;
				CLANG_WARN_BLOCK_CAPTURE_AUTORELEASING = YES;
				CLANG_WARN_BOOL_CONVERSION = YES;
				CLANG_WARN_COMMA = YES;
				CLANG_WARN_CONSTANT_CONVERSION = YES;
				CLANG_WARN_DEPRECATED_OBJC_IMPLEMENTATIONS = YES;
				CLANG_WARN_DIRECT_OBJC_ISA_USAGE = YES_ERROR;
				CLANG_WARN_DOCUMENTATION_COMMENTS = YES;
				CLANG_WARN_EMPTY_BODY = YES;
				CLANG_WARN_ENUM_CONVERSION = YES;
				CLANG_WARN_INFINITE_RECURSION = YES;
				CLANG_WARN_INT_CONVERSION = YES;
				CLANG_WARN_NON_LITERAL_NULL_CONVERSION = YES;
				CLANG_WARN_OBJC_IMPLICIT_RETAIN_SELF = YES;
				CLANG_WARN_OBJC_LITERAL_CONVERSION = YES;
				CLANG_WARN_OBJC_ROOT_CLASS = YES_ERROR;
				CLANG_WARN_RANGE_LOOP_ANALYSIS = YES;
				CLANG_WARN_STRICT_PROTOTYPES = YES;
				CLANG_WARN_SUSPICIOUS_MOVE = YES;
				CLANG_WARN_UNGUARDED_AVAILABILITY = YES_AGGRESSIVE;
				CLANG_WARN_UNREACHABLE_CODE = YES;
				CLANG_WARN__DUPLICATE_METHOD_MATCH = YES;
				CODE_SIGN_IDENTITY = "iPhone Developer";
				COPY_PHASE_STRIP = NO;
				DEBUG_INFORMATION_FORMAT = dwarf;
				ENABLE_STRICT_OBJC_MSGSEND = YES;
				ENABLE_TESTABILITY = YES;
				GCC_C_LANGUAGE_STANDARD = gnu11;
				GCC_DYNAMIC_NO_PIC = NO;
				GCC_NO_COMMON_BLOCKS = YES;
				GCC_OPTIMIZATION_LEVEL = 0;
				GCC_PREPROCESSOR_DEFINITIONS = (
					"DEBUG=1",
					"$(inherited)",
				);
				GCC_WARN_64_TO_32_BIT_CONVERSION = YES;
				GCC_WARN_ABOUT_RETURN_TYPE = YES_ERROR;
				GCC_WARN_UNDECLARED_SELECTOR = YES;
				GCC_WARN_UNINITIALIZED_AUTOS = YES_AGGRESSIVE;
				GCC_WARN_UNUSED_FUNCTION = YES;
				GCC_WARN_UNUSED_VARIABLE = YES;
				IPHONEOS_DEPLOYMENT_TARGET = 11.4;
				MTL_ENABLE_DEBUG_INFO = YES;
				ONLY_ACTIVE_ARCH = YES;
				SDKROOT = iphoneos;
				SWIFT_ACTIVE_COMPILATION_CONDITIONS = DEBUG;
				SWIFT_OPTIMIZATION_LEVEL = "-Onone";
			};
			name = Debug;
		};
		A8BCD5B92211154B007BD9D0 /* Release */ = {
			isa = XCBuildConfiguration;
			buildSettings = {
				ALWAYS_SEARCH_USER_PATHS = NO;
				CLANG_ANALYZER_NONNULL = YES;
				CLANG_ANALYZER_NUMBER_OBJECT_CONVERSION = YES_AGGRESSIVE;
				CLANG_CXX_LANGUAGE_STANDARD = "gnu++14";
				CLANG_CXX_LIBRARY = "libc++";
				CLANG_ENABLE_MODULES = YES;
				CLANG_ENABLE_OBJC_ARC = YES;
				CLANG_ENABLE_OBJC_WEAK = YES;
				CLANG_WARN_BLOCK_CAPTURE_AUTORELEASING = YES;
				CLANG_WARN_BOOL_CONVERSION = YES;
				CLANG_WARN_COMMA = YES;
				CLANG_WARN_CONSTANT_CONVERSION = YES;
				CLANG_WARN_DEPRECATED_OBJC_IMPLEMENTATIONS = YES;
				CLANG_WARN_DIRECT_OBJC_ISA_USAGE = YES_ERROR;
				CLANG_WARN_DOCUMENTATION_COMMENTS = YES;
				CLANG_WARN_EMPTY_BODY = YES;
				CLANG_WARN_ENUM_CONVERSION = YES;
				CLANG_WARN_INFINITE_RECURSION = YES;
				CLANG_WARN_INT_CONVERSION = YES;
				CLANG_WARN_NON_LITERAL_NULL_CONVERSION = YES;
				CLANG_WARN_OBJC_IMPLICIT_RETAIN_SELF = YES;
				CLANG_WARN_OBJC_LITERAL_CONVERSION = YES;
				CLANG_WARN_OBJC_ROOT_CLASS = YES_ERROR;
				CLANG_WARN_RANGE_LOOP_ANALYSIS = YES;
				CLANG_WARN_STRICT_PROTOTYPES = YES;
				CLANG_WARN_SUSPICIOUS_MOVE = YES;
				CLANG_WARN_UNGUARDED_AVAILABILITY = YES_AGGRESSIVE;
				CLANG_WARN_UNREACHABLE_CODE = YES;
				CLANG_WARN__DUPLICATE_METHOD_MATCH = YES;
				CODE_SIGN_IDENTITY = "iPhone Developer";
				COPY_PHASE_STRIP = NO;
				DEBUG_INFORMATION_FORMAT = "dwarf-with-dsym";
				ENABLE_NS_ASSERTIONS = NO;
				ENABLE_STRICT_OBJC_MSGSEND = YES;
				GCC_C_LANGUAGE_STANDARD = gnu11;
				GCC_NO_COMMON_BLOCKS = YES;
				GCC_WARN_64_TO_32_BIT_CONVERSION = YES;
				GCC_WARN_ABOUT_RETURN_TYPE = YES_ERROR;
				GCC_WARN_UNDECLARED_SELECTOR = YES;
				GCC_WARN_UNINITIALIZED_AUTOS = YES_AGGRESSIVE;
				GCC_WARN_UNUSED_FUNCTION = YES;
				GCC_WARN_UNUSED_VARIABLE = YES;
				IPHONEOS_DEPLOYMENT_TARGET = 11.4;
				MTL_ENABLE_DEBUG_INFO = NO;
				SDKROOT = iphoneos;
				SWIFT_COMPILATION_MODE = wholemodule;
				SWIFT_OPTIMIZATION_LEVEL = "-O";
				VALIDATE_PRODUCT = YES;
			};
			name = Release;
		};
		A8BCD5BB2211154B007BD9D0 /* Debug */ = {
			isa = XCBuildConfiguration;
			baseConfigurationReference = AF6002CFB9AF725D6F60336A /* Pods-My Lawyer Now - Ios App.debug.xcconfig */;
			buildSettings = {
				ASSETCATALOG_COMPILER_APPICON_NAME = AppIcon;
				CLANG_ENABLE_MODULES = YES;
				CODE_SIGN_STYLE = Automatic;
				DEVELOPMENT_TEAM = Y3ESD59NKS;
				ENABLE_BITCODE = NO;
				INFOPLIST_FILE = "My Lawyer Now - Ios App/Info.plist";
				LD_RUNPATH_SEARCH_PATHS = (
					"$(inherited)",
					"@executable_path/Frameworks",
				);
				PRODUCT_BUNDLE_IDENTIFIER = "MyLawyerNow.My-Lawyer-Now---Ios-App";
				PRODUCT_NAME = "$(TARGET_NAME)";
				SWIFT_OBJC_BRIDGING_HEADER = "My Lawyer Now - Ios App/My Lawyer Now - Ios App-Bridging-Header.h";
				SWIFT_OPTIMIZATION_LEVEL = "-Onone";
				SWIFT_VERSION = 4.0;
				TARGETED_DEVICE_FAMILY = "1,2";
			};
			name = Debug;
		};
		A8BCD5BC2211154B007BD9D0 /* Release */ = {
			isa = XCBuildConfiguration;
			baseConfigurationReference = 34BB9C7CEE46EBFB960E726C /* Pods-My Lawyer Now - Ios App.release.xcconfig */;
			buildSettings = {
				ASSETCATALOG_COMPILER_APPICON_NAME = AppIcon;
				CLANG_ENABLE_MODULES = YES;
				CODE_SIGN_STYLE = Automatic;
				DEVELOPMENT_TEAM = Y3ESD59NKS;
				ENABLE_BITCODE = NO;
				INFOPLIST_FILE = "My Lawyer Now - Ios App/Info.plist";
				LD_RUNPATH_SEARCH_PATHS = (
					"$(inherited)",
					"@executable_path/Frameworks",
				);
				PRODUCT_BUNDLE_IDENTIFIER = "MyLawyerNow.My-Lawyer-Now---Ios-App";
				PRODUCT_NAME = "$(TARGET_NAME)";
				SWIFT_OBJC_BRIDGING_HEADER = "My Lawyer Now - Ios App/My Lawyer Now - Ios App-Bridging-Header.h";
				SWIFT_VERSION = 4.0;
				TARGETED_DEVICE_FAMILY = "1,2";
			};
			name = Release;
		};
		A8BCD5BE2211154B007BD9D0 /* Debug */ = {
			isa = XCBuildConfiguration;
			baseConfigurationReference = 182B9CAC943FF8F4DFD6EBA9 /* Pods-My Lawyer Now - Ios AppTests.debug.xcconfig */;
			buildSettings = {
				ALWAYS_EMBED_SWIFT_STANDARD_LIBRARIES = YES;
				BUNDLE_LOADER = "$(TEST_HOST)";
				CODE_SIGN_STYLE = Automatic;
				INFOPLIST_FILE = "My Lawyer Now - Ios AppTests/Info.plist";
				LD_RUNPATH_SEARCH_PATHS = (
					"$(inherited)",
					"@executable_path/Frameworks",
					"@loader_path/Frameworks",
				);
				PRODUCT_BUNDLE_IDENTIFIER = "MyLawyerNow.My-Lawyer-Now---Ios-AppTests";
				PRODUCT_NAME = "$(TARGET_NAME)";
				SWIFT_VERSION = 4.0;
				TARGETED_DEVICE_FAMILY = "1,2";
				TEST_HOST = "$(BUILT_PRODUCTS_DIR)/My Lawyer Now - Ios App.app/My Lawyer Now - Ios App";
			};
			name = Debug;
		};
		A8BCD5BF2211154B007BD9D0 /* Release */ = {
			isa = XCBuildConfiguration;
			baseConfigurationReference = 63104BFA67ED77C48A99D288 /* Pods-My Lawyer Now - Ios AppTests.release.xcconfig */;
			buildSettings = {
				ALWAYS_EMBED_SWIFT_STANDARD_LIBRARIES = YES;
				BUNDLE_LOADER = "$(TEST_HOST)";
				CODE_SIGN_STYLE = Automatic;
				INFOPLIST_FILE = "My Lawyer Now - Ios AppTests/Info.plist";
				LD_RUNPATH_SEARCH_PATHS = (
					"$(inherited)",
					"@executable_path/Frameworks",
					"@loader_path/Frameworks",
				);
				PRODUCT_BUNDLE_IDENTIFIER = "MyLawyerNow.My-Lawyer-Now---Ios-AppTests";
				PRODUCT_NAME = "$(TARGET_NAME)";
				SWIFT_VERSION = 4.0;
				TARGETED_DEVICE_FAMILY = "1,2";
				TEST_HOST = "$(BUILT_PRODUCTS_DIR)/My Lawyer Now - Ios App.app/My Lawyer Now - Ios App";
			};
			name = Release;
		};
		A8BCD5C12211154B007BD9D0 /* Debug */ = {
			isa = XCBuildConfiguration;
			baseConfigurationReference = 225FE5F7E8A97A5F02AF6B5C /* Pods-My Lawyer Now - Ios AppUITests.debug.xcconfig */;
			buildSettings = {
				ALWAYS_EMBED_SWIFT_STANDARD_LIBRARIES = YES;
				CODE_SIGN_STYLE = Automatic;
				INFOPLIST_FILE = "My Lawyer Now - Ios AppUITests/Info.plist";
				LD_RUNPATH_SEARCH_PATHS = (
					"$(inherited)",
					"@executable_path/Frameworks",
					"@loader_path/Frameworks",
				);
				PRODUCT_BUNDLE_IDENTIFIER = "MyLawyerNow.My-Lawyer-Now---Ios-AppUITests";
				PRODUCT_NAME = "$(TARGET_NAME)";
				SWIFT_VERSION = 4.0;
				TARGETED_DEVICE_FAMILY = "1,2";
				TEST_TARGET_NAME = "My Lawyer Now - Ios App";
			};
			name = Debug;
		};
		A8BCD5C22211154B007BD9D0 /* Release */ = {
			isa = XCBuildConfiguration;
			baseConfigurationReference = 655AA3BC5876A6D1C1FE3E58 /* Pods-My Lawyer Now - Ios AppUITests.release.xcconfig */;
			buildSettings = {
				ALWAYS_EMBED_SWIFT_STANDARD_LIBRARIES = YES;
				CODE_SIGN_STYLE = Automatic;
				INFOPLIST_FILE = "My Lawyer Now - Ios AppUITests/Info.plist";
				LD_RUNPATH_SEARCH_PATHS = (
					"$(inherited)",
					"@executable_path/Frameworks",
					"@loader_path/Frameworks",
				);
				PRODUCT_BUNDLE_IDENTIFIER = "MyLawyerNow.My-Lawyer-Now---Ios-AppUITests";
				PRODUCT_NAME = "$(TARGET_NAME)";
				SWIFT_VERSION = 4.0;
				TARGETED_DEVICE_FAMILY = "1,2";
				TEST_TARGET_NAME = "My Lawyer Now - Ios App";
			};
			name = Release;
		};
/* End XCBuildConfiguration section */

/* Begin XCConfigurationList section */
		A8BCD58922111549007BD9D0 /* Build configuration list for PBXProject "My Lawyer Now - Ios App" */ = {
			isa = XCConfigurationList;
			buildConfigurations = (
				A8BCD5B82211154B007BD9D0 /* Debug */,
				A8BCD5B92211154B007BD9D0 /* Release */,
			);
			defaultConfigurationIsVisible = 0;
			defaultConfigurationName = Release;
		};
		A8BCD5BA2211154B007BD9D0 /* Build configuration list for PBXNativeTarget "My Lawyer Now - Ios App" */ = {
			isa = XCConfigurationList;
			buildConfigurations = (
				A8BCD5BB2211154B007BD9D0 /* Debug */,
				A8BCD5BC2211154B007BD9D0 /* Release */,
			);
			defaultConfigurationIsVisible = 0;
			defaultConfigurationName = Release;
		};
		A8BCD5BD2211154B007BD9D0 /* Build configuration list for PBXNativeTarget "My Lawyer Now - Ios AppTests" */ = {
			isa = XCConfigurationList;
			buildConfigurations = (
				A8BCD5BE2211154B007BD9D0 /* Debug */,
				A8BCD5BF2211154B007BD9D0 /* Release */,
			);
			defaultConfigurationIsVisible = 0;
			defaultConfigurationName = Release;
		};
		A8BCD5C02211154B007BD9D0 /* Build configuration list for PBXNativeTarget "My Lawyer Now - Ios AppUITests" */ = {
			isa = XCConfigurationList;
			buildConfigurations = (
				A8BCD5C12211154B007BD9D0 /* Debug */,
				A8BCD5C22211154B007BD9D0 /* Release */,
			);
			defaultConfigurationIsVisible = 0;
			defaultConfigurationName = Release;
		};
/* End XCConfigurationList section */
	};
	rootObject = A8BCD58622111549007BD9D0 /* Project object */;
}
